
Microsoft Visual Studio Solution File, Format Version 12.00
# Visual Studio Version 16
VisualStudioVersion = 16.0.32428.217
MinimumVisualStudioVersion = 10.0.40219.1
Project("{8BC9CEB8-8B4A-11D0-8D11-00A0C91BC942}") = "EX14_7.14", "EX14_7.14\EX14_7.14.vcxproj", "{15781435-8AD6-4077-932A-44EAE22E258A}"
EndProject
Global
	GlobalSection(SolutionConfigurationPlatforms) = preSolution
		Debug|x64 = Debug|x64
		Debug|x86 = Debug|x86
		Release|x64 = Release|x64
		Release|x86 = Release|x86
	EndGlobalSection
	GlobalSection(ProjectConfigurationPlatforms) = postSolution
		{15781435-8AD6-4077-932A-44EAE22E258A}.Debug|x64.ActiveCfg = Debug|x64
		{15781435-8AD6-4077-932A-44EAE22E258A}.Debug|x64.Build.0 = Debug|x64
		{15781435-8AD6-4077-932A-44EAE22E258A}.Debug|x86.ActiveCfg = Debug|Win32
		{15781435-8AD6-4077-932A-44EAE22E258A}.Debug|x86.Build.0 = Debug|Win32
		{15781435-8AD6-4077-932A-44EAE22E258A}.Release|x64.ActiveCfg = Release|x64
		{15781435-8AD6-4077-932A-44EAE22E258A}.Release|x64.Build.0 = Release|x64
		{15781435-8AD6-4077-932A-44EAE22E258A}.Release|x86.ActiveCfg = Release|Win32
		{15781435-8AD6-4077-932A-44EAE22E258A}.Release|x86.Build.0 = Release|Win32
	EndGlobalSection
	GlobalSection(SolutionProperties) = preSolution
		HideSolutionNode = FALSE
	EndGlobalSection
	GlobalSection(ExtensibilityGlobals) = postSolution
		SolutionGuid = {1DE7ECD6-BD61-484F-A198-0FBDF27656B6}
	EndGlobalSection
EndGlobal
